Microsoft Visual Studio Solution File, Format Version 8.00
Project("{FAE04EC0-301F-11D3-BF4B-00C04F79EFBC}") = "MapGen", "MapGen.csproj", "{7E2B548B-218C-44C9-A550-F56F6BFDD72A}"
	ProjectSection(ProjectDependencies) = postProject
	EndProjectSection
EndProject
Project("{FAE04EC0-301F-11D3-BF4B-00C04F79EFBC}") = "mapdata", "..\mapdata\mapdata.csproj", "{1A187750-4B25-4B31-8B4E-D7BCDF672CAA}"
	ProjectSection(ProjectDependencies) = postProject
	EndProjectSection
EndProject
Global
	GlobalSection(SolutionConfiguration) = preSolution
		Debug = Debug
		Release = Release
	EndGlobalSection
	GlobalSection(ProjectConfiguration) = postSolution
		{7E2B548B-218C-44C9-A550-F56F6BFDD72A}.Debug.ActiveCfg = Debug|.NET
		{7E2B548B-218C-44C9-A550-F56F6BFDD72A}.Debug.Build.0 = Debug|.NET
		{7E2B548B-218C-44C9-A550-F56F6BFDD72A}.Release.ActiveCfg = Release|.NET
		{7E2B548B-218C-44C9-A550-F56F6BFDD72A}.Release.Build.0 = Release|.NET
		{1A187750-4B25-4B31-8B4E-D7BCDF672CAA}.Debug.ActiveCfg = Debug|.NET
		{1A187750-4B25-4B31-8B4E-D7BCDF672CAA}.Debug.Build.0 = Debug|.NET
		{1A187750-4B25-4B31-8B4E-D7BCDF672CAA}.Release.ActiveCfg = Release|.NET
		{1A187750-4B25-4B31-8B4E-D7BCDF672CAA}.Release.Build.0 = Release|.NET
	EndGlobalSection
	GlobalSection(ExtensibilityGlobals) = postSolution
	EndGlobalSection
	GlobalSection(ExtensibilityAddIns) = postSolution
	EndGlobalSection
EndGlobal
