Microsoft Visual Studio Solution File, Format Version 7.00
Project("{FAE04EC0-301F-11D3-BF4B-00C04F79EFBC}") = "PeopleApp", "http://localhost/PeopleApp/PeopleApp.csproj", "{F751CD49-67C5-4088-9044-8769DD32C5AD}"
EndProject
Global
	GlobalSection(SolutionConfiguration) = preSolution
		ConfigName.0 = Debug
		ConfigName.1 = Release
	EndGlobalSection
	GlobalSection(ProjectDependencies) = postSolution
	EndGlobalSection
	GlobalSection(ProjectConfiguration) = postSolution
		{F751CD49-67C5-4088-9044-8769DD32C5AD}.Debug.ActiveCfg = Debug|.NET
		{F751CD49-67C5-4088-9044-8769DD32C5AD}.Debug.Build.0 = Debug|.NET
		{F751CD49-67C5-4088-9044-8769DD32C5AD}.Release.ActiveCfg = Release|.NET
		{F751CD49-67C5-4088-9044-8769DD32C5AD}.Release.Build.0 = Release|.NET
	EndGlobalSection
	GlobalSection(ExtensibilityGlobals) = postSolution
	EndGlobalSection
	GlobalSection(ExtensibilityAddIns) = postSolution
	EndGlobalSection
EndGlobal
