Microsoft Visual Studio Solution File, Format Version 8.00
Project("{FAE04EC0-301F-11D3-BF4B-00C04F79EFBC}") = "UI", "UI\UI.csproj", "{9CB56A6C-A779-483D-A906-85F55DC553F8}"
	ProjectSection(ProjectDependencies) = postProject
	EndProjectSection
EndProject
Project("{FAE04EC0-301F-11D3-BF4B-00C04F79EFBC}") = "k_medoid", "k_medoid\k_medoid.csproj", "{A878D4E3-3AFB-4B93-8949-2614297F53ED}"
	ProjectSection(ProjectDependencies) = postProject
	EndProjectSection
EndProject
Project("{FAE04EC0-301F-11D3-BF4B-00C04F79EFBC}") = "bp_nnet", "bp_nnet\bp_nnet.csproj", "{1E702B36-0942-4C3D-97FF-C16C1CD0E179}"
	ProjectSection(ProjectDependencies) = postProject
	EndProjectSection
EndProject
Global
	GlobalSection(SolutionConfiguration) = preSolution
		Debug = Debug
		Release = Release
	EndGlobalSection
	GlobalSection(ProjectConfiguration) = postSolution
		{9CB56A6C-A779-483D-A906-85F55DC553F8}.Debug.ActiveCfg = Debug|.NET
		{9CB56A6C-A779-483D-A906-85F55DC553F8}.Debug.Build.0 = Debug|.NET
		{9CB56A6C-A779-483D-A906-85F55DC553F8}.Release.ActiveCfg = Release|.NET
		{9CB56A6C-A779-483D-A906-85F55DC553F8}.Release.Build.0 = Release|.NET
		{A878D4E3-3AFB-4B93-8949-2614297F53ED}.Debug.ActiveCfg = Debug|.NET
		{A878D4E3-3AFB-4B93-8949-2614297F53ED}.Debug.Build.0 = Debug|.NET
		{A878D4E3-3AFB-4B93-8949-2614297F53ED}.Release.ActiveCfg = Release|.NET
		{A878D4E3-3AFB-4B93-8949-2614297F53ED}.Release.Build.0 = Release|.NET
		{1E702B36-0942-4C3D-97FF-C16C1CD0E179}.Debug.ActiveCfg = Debug|.NET
		{1E702B36-0942-4C3D-97FF-C16C1CD0E179}.Debug.Build.0 = Debug|.NET
		{1E702B36-0942-4C3D-97FF-C16C1CD0E179}.Release.ActiveCfg = Release|.NET
		{1E702B36-0942-4C3D-97FF-C16C1CD0E179}.Release.Build.0 = Release|.NET
	EndGlobalSection
	GlobalSection(ExtensibilityGlobals) = postSolution
	EndGlobalSection
	GlobalSection(ExtensibilityAddIns) = postSolution
	EndGlobalSection
EndGlobal
