Microsoft Visual Studio Solution File, Format Version 7.00
Project("{8BC9CEB8-8B4A-11D0-8D11-00A0C91BC942}") = "GetMACNETBIOS", "GetMACNETBIOS.vcproj", "{ACD3EF53-6B6E-483A-A631-3BB8B0A31920}"
EndProject
Global
	GlobalSection(SolutionConfiguration) = preSolution
		ConfigName.0 = Debug
		ConfigName.1 = Release
	EndGlobalSection
	GlobalSection(ProjectDependencies) = postSolution
	EndGlobalSection
	GlobalSection(ProjectConfiguration) = postSolution
		{ACD3EF53-6B6E-483A-A631-3BB8B0A31920}.Debug.ActiveCfg = Debug|Win32
		{ACD3EF53-6B6E-483A-A631-3BB8B0A31920}.Debug.Build.0 = Debug|Win32
		{ACD3EF53-6B6E-483A-A631-3BB8B0A31920}.Release.ActiveCfg = Release|Win32
		{ACD3EF53-6B6E-483A-A631-3BB8B0A31920}.Release.Build.0 = Release|Win32
	EndGlobalSection
	GlobalSection(ExtensibilityGlobals) = postSolution
	EndGlobalSection
	GlobalSection(ExtensibilityAddIns) = postSolution
	EndGlobalSection
EndGlobal
