Microsoft Visual Studio Solution File, Format Version 7.00
Project("{F184B08F-C81C-45F6-A57F-5ABD9991F28F}") = "WebService", "http://localhost/ProjectTumbolthai/Seller2/WebService/WebService.vbproj", "{8B2F8173-4BCF-40B6-AFB6-489AABB5E8EF}"
EndProject
Global
	GlobalSection(SolutionConfiguration) = preSolution
		ConfigName.0 = Debug
		ConfigName.1 = Release
	EndGlobalSection
	GlobalSection(ProjectDependencies) = postSolution
	EndGlobalSection
	GlobalSection(ProjectConfiguration) = postSolution
		{8B2F8173-4BCF-40B6-AFB6-489AABB5E8EF}.Debug.ActiveCfg = Debug|.NET
		{8B2F8173-4BCF-40B6-AFB6-489AABB5E8EF}.Debug.Build.0 = Debug|.NET
		{8B2F8173-4BCF-40B6-AFB6-489AABB5E8EF}.Release.ActiveCfg = Release|.NET
		{8B2F8173-4BCF-40B6-AFB6-489AABB5E8EF}.Release.Build.0 = Release|.NET
	EndGlobalSection
	GlobalSection(ExtensibilityGlobals) = postSolution
	EndGlobalSection
	GlobalSection(ExtensibilityAddIns) = postSolution
	EndGlobalSection
EndGlobal
