Microsoft Visual Studio Solution File, Format Version 7.00
Project("{FAE04EC0-301F-11D3-BF4B-00C04F79EFBC}") = "socialService", "http://localhost/socialService/socialService.csproj", "{E044EBF0-30F2-402E-95CE-599C043BF8F7}"
EndProject
Global
	GlobalSection(SolutionConfiguration) = preSolution
		ConfigName.0 = Debug
		ConfigName.1 = Release
	EndGlobalSection
	GlobalSection(ProjectDependencies) = postSolution
	EndGlobalSection
	GlobalSection(ProjectConfiguration) = postSolution
		{E044EBF0-30F2-402E-95CE-599C043BF8F7}.Debug.ActiveCfg = Debug|.NET
		{E044EBF0-30F2-402E-95CE-599C043BF8F7}.Debug.Build.0 = Debug|.NET
		{E044EBF0-30F2-402E-95CE-599C043BF8F7}.Release.ActiveCfg = Release|.NET
		{E044EBF0-30F2-402E-95CE-599C043BF8F7}.Release.Build.0 = Release|.NET
	EndGlobalSection
	GlobalSection(ExtensibilityGlobals) = postSolution
	EndGlobalSection
	GlobalSection(ExtensibilityAddIns) = postSolution
	EndGlobalSection
EndGlobal
