Microsoft Visual Studio Solution File, Format Version 8.00
Project("{20D4826A-C6FA-45DB-90F4-C717570B9F32}") = "MobileHospital1", "MobileHospital1.csdproj", "{FD2AC168-EC82-47FE-B1AB-45E565627C8D}"
	ProjectSection(ProjectDependencies) = postProject
	EndProjectSection
EndProject
Global
	GlobalSection(SolutionConfiguration) = preSolution
		Debug = Debug
		Release = Release
	EndGlobalSection
	GlobalSection(ProjectConfiguration) = postSolution
		{FD2AC168-EC82-47FE-B1AB-45E565627C8D}.Debug.ActiveCfg = Debug|Pocket PC
		{FD2AC168-EC82-47FE-B1AB-45E565627C8D}.Debug.Build.0 = Debug|Pocket PC
		{FD2AC168-EC82-47FE-B1AB-45E565627C8D}.Debug.Deploy.0 = Debug|Pocket PC
		{FD2AC168-EC82-47FE-B1AB-45E565627C8D}.Release.ActiveCfg = Release|Pocket PC
		{FD2AC168-EC82-47FE-B1AB-45E565627C8D}.Release.Build.0 = Release|Pocket PC
		{FD2AC168-EC82-47FE-B1AB-45E565627C8D}.Release.Deploy.0 = Release|Pocket PC
	EndGlobalSection
	GlobalSection(ExtensibilityGlobals) = postSolution
	EndGlobalSection
	GlobalSection(ExtensibilityAddIns) = postSolution
	EndGlobalSection
EndGlobal
