Microsoft Visual Studio Solution File, Format Version 8.00
Project("{20D4826A-C6FA-45DB-90F4-C717570B9F32}") = "PocketClient", "PocketClient.csdproj", "{1FB48DFD-F772-4739-A085-3207D1FF2B28}"
	ProjectSection(ProjectDependencies) = postProject
	EndProjectSection
EndProject
Global
	GlobalSection(SolutionConfiguration) = preSolution
		Debug = Debug
		Release = Release
	EndGlobalSection
	GlobalSection(ProjectConfiguration) = postSolution
		{1FB48DFD-F772-4739-A085-3207D1FF2B28}.Debug.ActiveCfg = Debug|Pocket PC
		{1FB48DFD-F772-4739-A085-3207D1FF2B28}.Debug.Build.0 = Debug|Pocket PC
		{1FB48DFD-F772-4739-A085-3207D1FF2B28}.Debug.Deploy.0 = Debug|Pocket PC
		{1FB48DFD-F772-4739-A085-3207D1FF2B28}.Release.ActiveCfg = Release|Pocket PC
		{1FB48DFD-F772-4739-A085-3207D1FF2B28}.Release.Build.0 = Release|Pocket PC
		{1FB48DFD-F772-4739-A085-3207D1FF2B28}.Release.Deploy.0 = Release|Pocket PC
	EndGlobalSection
	GlobalSection(ExtensibilityGlobals) = postSolution
	EndGlobalSection
	GlobalSection(ExtensibilityAddIns) = postSolution
	EndGlobalSection
EndGlobal
