Microsoft Visual Studio Solution File, Format Version 8.00
Project("{FAE04EC0-301F-11D3-BF4B-00C04F79EFBC}") = "WApplication", "http://localhost/WApplication/WApplication.csproj", "{B8B82705-90A7-4604-909F-ED77921DBAC5}"
	ProjectSection(ProjectDependencies) = postProject
	EndProjectSection
EndProject
Global
	GlobalSection(SolutionConfiguration) = preSolution
		Debug = Debug
		Release = Release
	EndGlobalSection
	GlobalSection(ProjectConfiguration) = postSolution
		{B8B82705-90A7-4604-909F-ED77921DBAC5}.Debug.ActiveCfg = Debug|.NET
		{B8B82705-90A7-4604-909F-ED77921DBAC5}.Debug.Build.0 = Debug|.NET
		{B8B82705-90A7-4604-909F-ED77921DBAC5}.Release.ActiveCfg = Release|.NET
		{B8B82705-90A7-4604-909F-ED77921DBAC5}.Release.Build.0 = Release|.NET
	EndGlobalSection
	GlobalSection(ExtensibilityGlobals) = postSolution
	EndGlobalSection
	GlobalSection(ExtensibilityAddIns) = postSolution
	EndGlobalSection
EndGlobal
