Microsoft Visual Studio Solution File, Format Version 7.00
Project("{FAE04EC0-301F-11D3-BF4B-00C04F79EFBC}") = "HospitalComponent", "HospitalComponent.csproj", "{042ED7DB-5291-4438-97E5-C2990F962B96}"
EndProject
Global
	GlobalSection(SolutionConfiguration) = preSolution
		ConfigName.0 = Debug
		ConfigName.1 = Release
	EndGlobalSection
	GlobalSection(ProjectDependencies) = postSolution
	EndGlobalSection
	GlobalSection(ProjectConfiguration) = postSolution
		{042ED7DB-5291-4438-97E5-C2990F962B96}.Debug.ActiveCfg = Debug|.NET
		{042ED7DB-5291-4438-97E5-C2990F962B96}.Debug.Build.0 = Debug|.NET
		{042ED7DB-5291-4438-97E5-C2990F962B96}.Release.ActiveCfg = Release|.NET
		{042ED7DB-5291-4438-97E5-C2990F962B96}.Release.Build.0 = Release|.NET
	EndGlobalSection
	GlobalSection(ExtensibilityGlobals) = postSolution
	EndGlobalSection
	GlobalSection(ExtensibilityAddIns) = postSolution
	EndGlobalSection
EndGlobal
