Microsoft Visual Studio Solution File, Format Version 1.00
Project("{66355F20-A65B-11D0-BFB5-00A0C91EBFA0}") = "Ver_1_1", "Ver_1_1.vjp", "{8C2951B2-1506-47E2-8CD8-F44F1F54E98F}"
EndProject
Global
	GlobalSection(LocalDeployment) = postSolution
		StartupProject = {8C2951B2-1506-47E2-8CD8-F44F1F54E98F}
	EndGlobalSection
	GlobalSection(BuildOrder) = postSolution
		0 = {8C2951B2-1506-47E2-8CD8-F44F1F54E98F}
	EndGlobalSection
	GlobalSection(DeploymentRoot) = postSolution
	EndGlobalSection
EndGlobal
