Microsoft Visual Studio Solution File, Format Version 8.00
Project("{F184B08F-C81C-45F6-A57F-5ABD9991F28F}") = "SmartFood", "SmartFood.vbproj", "{BD71CFCE-74A0-4E1B-92B7-81C90E14C60C}"
	ProjectSection(ProjectDependencies) = postProject
	EndProjectSection
EndProject
Global
	GlobalSection(SolutionConfiguration) = preSolution
		Debug = Debug
		Release = Release
	EndGlobalSection
	GlobalSection(ProjectConfiguration) = postSolution
		{BD71CFCE-74A0-4E1B-92B7-81C90E14C60C}.Debug.ActiveCfg = Debug|.NET
		{BD71CFCE-74A0-4E1B-92B7-81C90E14C60C}.Debug.Build.0 = Debug|.NET
		{BD71CFCE-74A0-4E1B-92B7-81C90E14C60C}.Release.ActiveCfg = Release|.NET
		{BD71CFCE-74A0-4E1B-92B7-81C90E14C60C}.Release.Build.0 = Release|.NET
	EndGlobalSection
	GlobalSection(ExtensibilityGlobals) = postSolution
	EndGlobalSection
	GlobalSection(ExtensibilityAddIns) = postSolution
	EndGlobalSection
EndGlobal
