Microsoft Visual Studio Solution File, Format Version 8.00
Project("{FAE04EC0-301F-11D3-BF4B-00C04F79EFBC}") = "SimpleWavRec", "SimpleWavRec.csproj", "{3520D657-432F-4A81-9E07-45EE184B099A}"
	ProjectSection(ProjectDependencies) = postProject
	EndProjectSection
EndProject
Global
	GlobalSection(SolutionConfiguration) = preSolution
		Debug = Debug
		Release = Release
	EndGlobalSection
	GlobalSection(ProjectConfiguration) = postSolution
		{3520D657-432F-4A81-9E07-45EE184B099A}.Debug.ActiveCfg = Debug|.NET
		{3520D657-432F-4A81-9E07-45EE184B099A}.Debug.Build.0 = Debug|.NET
		{3520D657-432F-4A81-9E07-45EE184B099A}.Release.ActiveCfg = Release|.NET
		{3520D657-432F-4A81-9E07-45EE184B099A}.Release.Build.0 = Release|.NET
	EndGlobalSection
	GlobalSection(ExtensibilityGlobals) = postSolution
	EndGlobalSection
	GlobalSection(ExtensibilityAddIns) = postSolution
	EndGlobalSection
EndGlobal
