Microsoft Visual Studio Solution File, Format Version 8.00
Project("{FAE04EC0-301F-11D3-BF4B-00C04F79EFBC}") = "WService", "http://localhost/WService/WService.csproj", "{7676C165-1FBF-4644-9A83-883086FD690C}"
	ProjectSection(ProjectDependencies) = postProject
	EndProjectSection
EndProject
Global
	GlobalSection(SolutionConfiguration) = preSolution
		Debug = Debug
		Release = Release
	EndGlobalSection
	GlobalSection(ProjectConfiguration) = postSolution
		{7676C165-1FBF-4644-9A83-883086FD690C}.Debug.ActiveCfg = Debug|.NET
		{7676C165-1FBF-4644-9A83-883086FD690C}.Debug.Build.0 = Debug|.NET
		{7676C165-1FBF-4644-9A83-883086FD690C}.Release.ActiveCfg = Release|.NET
		{7676C165-1FBF-4644-9A83-883086FD690C}.Release.Build.0 = Release|.NET
	EndGlobalSection
	GlobalSection(ExtensibilityGlobals) = postSolution
	EndGlobalSection
	GlobalSection(ExtensibilityAddIns) = postSolution
	EndGlobalSection
EndGlobal
