Microsoft Visual Studio Solution File, Format Version 8.00
Project("{8BC9CEB8-8B4A-11D0-8D11-00A0C91BC942}") = "Proj", "Proj.vcproj", "{2AE2964C-B89C-457F-BA4E-644310D1D57D}"
	ProjectSection(ProjectDependencies) = postProject
	EndProjectSection
EndProject
Global
	GlobalSection(SolutionConfiguration) = preSolution
		Debug = Debug
		Release = Release
	EndGlobalSection
	GlobalSection(ProjectConfiguration) = postSolution
		{2AE2964C-B89C-457F-BA4E-644310D1D57D}.Debug.ActiveCfg = Debug|Win32
		{2AE2964C-B89C-457F-BA4E-644310D1D57D}.Debug.Build.0 = Debug|Win32
		{2AE2964C-B89C-457F-BA4E-644310D1D57D}.Release.ActiveCfg = Release|Win32
		{2AE2964C-B89C-457F-BA4E-644310D1D57D}.Release.Build.0 = Release|Win32
	EndGlobalSection
	GlobalSection(ExtensibilityGlobals) = postSolution
	EndGlobalSection
	GlobalSection(ExtensibilityAddIns) = postSolution
	EndGlobalSection
EndGlobal
