Microsoft Visual Studio Solution File, Format Version 8.00
Project("{FAE04EC0-301F-11D3-BF4B-00C04F79EFBC}") = "KMLLoader", "KMLLoader.csproj", "{F4C5D5FF-1622-43CF-A453-BEB9B5846169}"
	ProjectSection(ProjectDependencies) = postProject
	EndProjectSection
EndProject
Global
	GlobalSection(SolutionConfiguration) = preSolution
		Debug = Debug
		Release = Release
	EndGlobalSection
	GlobalSection(ProjectConfiguration) = postSolution
		{F4C5D5FF-1622-43CF-A453-BEB9B5846169}.Debug.ActiveCfg = Debug|.NET
		{F4C5D5FF-1622-43CF-A453-BEB9B5846169}.Debug.Build.0 = Debug|.NET
		{F4C5D5FF-1622-43CF-A453-BEB9B5846169}.Release.ActiveCfg = Release|.NET
		{F4C5D5FF-1622-43CF-A453-BEB9B5846169}.Release.Build.0 = Release|.NET
	EndGlobalSection
	GlobalSection(ExtensibilityGlobals) = postSolution
	EndGlobalSection
	GlobalSection(ExtensibilityAddIns) = postSolution
	EndGlobalSection
EndGlobal
