Microsoft Visual Studio Solution File, Format Version 8.00
Project("{FAE04EC0-301F-11D3-BF4B-00C04F79EFBC}") = "WService2", "http://localhost/WService2/WService2.csproj", "{71F1D7B2-E4E0-45B8-A42A-2F89004338F6}"
	ProjectSection(ProjectDependencies) = postProject
	EndProjectSection
EndProject
Global
	GlobalSection(SolutionConfiguration) = preSolution
		Debug = Debug
		Release = Release
	EndGlobalSection
	GlobalSection(ProjectConfiguration) = postSolution
		{71F1D7B2-E4E0-45B8-A42A-2F89004338F6}.Debug.ActiveCfg = Debug|.NET
		{71F1D7B2-E4E0-45B8-A42A-2F89004338F6}.Debug.Build.0 = Debug|.NET
		{71F1D7B2-E4E0-45B8-A42A-2F89004338F6}.Release.ActiveCfg = Release|.NET
		{71F1D7B2-E4E0-45B8-A42A-2F89004338F6}.Release.Build.0 = Release|.NET
	EndGlobalSection
	GlobalSection(ExtensibilityGlobals) = postSolution
	EndGlobalSection
	GlobalSection(ExtensibilityAddIns) = postSolution
	EndGlobalSection
EndGlobal
