Microsoft Visual Studio Solution File, Format Version 8.00
Project("{FAE04EC0-301F-11D3-BF4B-00C04F79EFBC}") = "PictureViewer", "PictureViewer.csproj", "{372F8F43-F20D-4F01-B8B7-3ED3459887C8}"
	ProjectSection(ProjectDependencies) = postProject
	EndProjectSection
EndProject
Global
	GlobalSection(SolutionConfiguration) = preSolution
		Debug = Debug
		Release = Release
	EndGlobalSection
	GlobalSection(ProjectConfiguration) = postSolution
		{372F8F43-F20D-4F01-B8B7-3ED3459887C8}.Debug.ActiveCfg = Debug|.NET
		{372F8F43-F20D-4F01-B8B7-3ED3459887C8}.Debug.Build.0 = Debug|.NET
		{372F8F43-F20D-4F01-B8B7-3ED3459887C8}.Release.ActiveCfg = Release|.NET
		{372F8F43-F20D-4F01-B8B7-3ED3459887C8}.Release.Build.0 = Release|.NET
	EndGlobalSection
	GlobalSection(ExtensibilityGlobals) = postSolution
	EndGlobalSection
	GlobalSection(ExtensibilityAddIns) = postSolution
	EndGlobalSection
EndGlobal
