Microsoft Visual Studio Solution File, Format Version 8.00
Project("{8BC9CEB8-8B4A-11D0-8D11-00A0C91BC942}") = "cvision", "cvision.vcproj", "{8231F0FF-1AC7-4C55-8430-3A53CEF9B1DE}"
	ProjectSection(ProjectDependencies) = postProject
	EndProjectSection
EndProject
Global
	GlobalSection(SolutionConfiguration) = preSolution
		Debug = Debug
		Release = Release
	EndGlobalSection
	GlobalSection(ProjectConfiguration) = postSolution
		{8231F0FF-1AC7-4C55-8430-3A53CEF9B1DE}.Debug.ActiveCfg = Debug|Win32
		{8231F0FF-1AC7-4C55-8430-3A53CEF9B1DE}.Debug.Build.0 = Debug|Win32
		{8231F0FF-1AC7-4C55-8430-3A53CEF9B1DE}.Release.ActiveCfg = Release|Win32
		{8231F0FF-1AC7-4C55-8430-3A53CEF9B1DE}.Release.Build.0 = Release|Win32
	EndGlobalSection
	GlobalSection(ExtensibilityGlobals) = postSolution
	EndGlobalSection
	GlobalSection(ExtensibilityAddIns) = postSolution
	EndGlobalSection
EndGlobal
