Microsoft Visual Studio Solution File, Format Version 7.00
Project("{FAE04EC0-301F-11D3-BF4B-00C04F79EFBC}") = "Hospital", "http://localhost/Hospital/Hospital.csproj", "{109A0452-0F1B-4BA1-AF04-DE985ADA68A0}"
EndProject
Global
	GlobalSection(SolutionConfiguration) = preSolution
		ConfigName.0 = Debug
		ConfigName.1 = Release
	EndGlobalSection
	GlobalSection(ProjectDependencies) = postSolution
	EndGlobalSection
	GlobalSection(ProjectConfiguration) = postSolution
		{109A0452-0F1B-4BA1-AF04-DE985ADA68A0}.Debug.ActiveCfg = Debug|.NET
		{109A0452-0F1B-4BA1-AF04-DE985ADA68A0}.Debug.Build.0 = Debug|.NET
		{109A0452-0F1B-4BA1-AF04-DE985ADA68A0}.Release.ActiveCfg = Release|.NET
		{109A0452-0F1B-4BA1-AF04-DE985ADA68A0}.Release.Build.0 = Release|.NET
	EndGlobalSection
	GlobalSection(ExtensibilityGlobals) = postSolution
	EndGlobalSection
	GlobalSection(ExtensibilityAddIns) = postSolution
	EndGlobalSection
EndGlobal
