Microsoft Visual Studio Solution File, Format Version 8.00
Project("{F184B08F-C81C-45F6-A57F-5ABD9991F28F}") = "RFID1", "RFID1.vbproj", "{557643EB-4433-4720-A371-62EB2ADC4AA3}"
	ProjectSection(ProjectDependencies) = postProject
	EndProjectSection
EndProject
Global
	GlobalSection(SolutionConfiguration) = preSolution
		Debug = Debug
		Release = Release
	EndGlobalSection
	GlobalSection(ProjectConfiguration) = postSolution
		{557643EB-4433-4720-A371-62EB2ADC4AA3}.Debug.ActiveCfg = Debug|.NET
		{557643EB-4433-4720-A371-62EB2ADC4AA3}.Debug.Build.0 = Debug|.NET
		{557643EB-4433-4720-A371-62EB2ADC4AA3}.Release.ActiveCfg = Release|.NET
		{557643EB-4433-4720-A371-62EB2ADC4AA3}.Release.Build.0 = Release|.NET
	EndGlobalSection
	GlobalSection(ExtensibilityGlobals) = postSolution
	EndGlobalSection
	GlobalSection(ExtensibilityAddIns) = postSolution
	EndGlobalSection
EndGlobal
