Microsoft Visual Studio Solution File, Format Version 7.00
Project("{F184B08F-C81C-45F6-A57F-5ABD9991F28F}") = "WebApplicationSeller2", "http://localhost/ProjectTumbolthai/WebApplicationSeller2/WebApplicationSeller2.vbproj", "{E341C3DD-5EE1-40BA-8CB3-E1A792991A90}"
EndProject
Global
	GlobalSection(SolutionConfiguration) = preSolution
		ConfigName.0 = Debug
		ConfigName.1 = Release
	EndGlobalSection
	GlobalSection(ProjectDependencies) = postSolution
	EndGlobalSection
	GlobalSection(ProjectConfiguration) = postSolution
		{E341C3DD-5EE1-40BA-8CB3-E1A792991A90}.Debug.ActiveCfg = Debug|.NET
		{E341C3DD-5EE1-40BA-8CB3-E1A792991A90}.Debug.Build.0 = Debug|.NET
		{E341C3DD-5EE1-40BA-8CB3-E1A792991A90}.Release.ActiveCfg = Release|.NET
		{E341C3DD-5EE1-40BA-8CB3-E1A792991A90}.Release.Build.0 = Release|.NET
	EndGlobalSection
	GlobalSection(ExtensibilityGlobals) = postSolution
	EndGlobalSection
	GlobalSection(ExtensibilityAddIns) = postSolution
	EndGlobalSection
EndGlobal
